
Microsoft Visual Studio Solution File, Format Version 12.00
# Visual Studio Version 17
VisualStudioVersion = 17.10.34902.84
MinimumVisualStudioVersion = 10.0.40219.1
Project("{FAE04EC0-301F-11D3-BF4B-00C04F79EFBC}") = "DependencyInjectionInASP.NET Core", "DependencyInjectionInASP.NET Core.csproj", "{1E8E9325-FE7E-4D8A-8350-FBAFCD3C1207}"
EndProject
Global
	GlobalSection(SolutionConfigurationPlatforms) = preSolution
		Debug|Any CPU = Debug|Any CPU
		Release|Any CPU = Release|Any CPU
	EndGlobalSection
	GlobalSection(ProjectConfigurationPlatforms) = postSolution
		{1E8E9325-FE7E-4D8A-8350-FBAFCD3C1207}.Debug|Any CPU.ActiveCfg = Debug|Any CPU
		{1E8E9325-FE7E-4D8A-8350-FBAFCD3C1207}.Debug|Any CPU.Build.0 = Debug|Any CPU
		{1E8E9325-FE7E-4D8A-8350-FBAFCD3C1207}.Release|Any CPU.ActiveCfg = Release|Any CPU
		{1E8E9325-FE7E-4D8A-8350-FBAFCD3C1207}.Release|Any CPU.Build.0 = Release|Any CPU
	EndGlobalSection
	GlobalSection(SolutionProperties) = preSolution
		HideSolutionNode = FALSE
	EndGlobalSection
	GlobalSection(ExtensibilityGlobals) = postSolution
		SolutionGuid = {E80477C4-A950-4D27-A1DB-DF99490ABC7F}
	EndGlobalSection
EndGlobal
